// !$*UTF8*$!
{
	archiveVersion = 1;
	classes = {
	};
	objectVersion = 50;
	objects = {

/* Begin PBXBuildFile section */
		8306F27C226FCE3D00F4E0C4 /* HomeViewController.swift in Sources */ = {isa = PBXBuildFile; fileRef = 8306F27B226FCE3D00F4E0C4 /* HomeViewController.swift */; };
		8306F27E226FDE0500F4E0C4 /* PopUpViewController.swift in Sources */ = {isa = PBXBuildFile; fileRef = 8306F27D226FDE0500F4E0C4 /* PopUpViewController.swift */; };
		8306F280226FEEFC00F4E0C4 /* Logo.png in Resources */ = {isa = PBXBuildFile; fileRef = 8306F27F226FEEFC00F4E0C4 /* Logo.png */; };
		8306F2852270006300F4E0C4 /* simic.png in Resources */ = {isa = PBXBuildFile; fileRef = 8306F2812270006300F4E0C4 /* simic.png */; };
		8306F2872270006300F4E0C4 /* dot.png in Resources */ = {isa = PBXBuildFile; fileRef = 8306F2832270006300F4E0C4 /* dot.png */; };
		8306F2882270006300F4E0C4 /* atarka.png in Resources */ = {isa = PBXBuildFile; fileRef = 8306F2842270006300F4E0C4 /* atarka.png */; };
		8306F28C22703DBE00F4E0C4 /* Izzet logo.png in Resources */ = {isa = PBXBuildFile; fileRef = 8306F28B22703DBE00F4E0C4 /* Izzet logo.png */; };
		8306F28E22703E1800F4E0C4 /* izzet.png in Resources */ = {isa = PBXBuildFile; fileRef = 8306F28D22703E1800F4E0C4 /* izzet.png */; };
		8306F29022704C0A00F4E0C4 /* khans.png in Resources */ = {isa = PBXBuildFile; fileRef = 8306F28F22704C0900F4E0C4 /* khans.png */; };
		8332E8F02268FCB100EA8235 /* AppDelegate.swift in Sources */ = {isa = PBXBuildFile; fileRef = 8332E8EF2268FCB100EA8235 /* AppDelegate.swift */; };
		8332E8F22268FCB100EA8235 /* ViewController.swift in Sources */ = {isa = PBXBuildFile; fileRef = 8332E8F12268FCB100EA8235 /* ViewController.swift */; };
		8332E8F52268FCB100EA8235 /* Main.storyboard in Resources */ = {isa = PBXBuildFile; fileRef = 8332E8F32268FCB100EA8235 /* Main.storyboard */; };
		8332E8F82268FCB200EA8235 /* Connect_Four.xcdatamodeld in Sources */ = {isa = PBXBuildFile; fileRef = 8332E8F62268FCB200EA8235 /* Connect_Four.xcdatamodeld */; };
		8332E8FA2268FCB200EA8235 /* Assets.xcassets in Resources */ = {isa = PBXBuildFile; fileRef = 8332E8F92268FCB200EA8235 /* Assets.xcassets */; };
		8332E8FD2268FCB200EA8235 /* LaunchScreen.storyboard in Resources */ = {isa = PBXBuildFile; fileRef = 8332E8FB2268FCB200EA8235 /* LaunchScreen.storyboard */; };
		8332E9092268FEEC00EA8235 /* red circle.png in Resources */ = {isa = PBXBuildFile; fileRef = 8332E9042268FEEB00EA8235 /* red circle.png */; };
		8332E90B2268FEEC00EA8235 /* green circle.png in Resources */ = {isa = PBXBuildFile; fileRef = 8332E9062268FEEC00EA8235 /* green circle.png */; };
		8332E90C2268FEEC00EA8235 /* blue circle.png in Resources */ = {isa = PBXBuildFile; fileRef = 8332E9072268FEEC00EA8235 /* blue circle.png */; };
		8332E90D2268FEEC00EA8235 /* orange circle.png in Resources */ = {isa = PBXBuildFile; fileRef = 8332E9082268FEEC00EA8235 /* orange circle.png */; };
		833D72AE227AC7AD0056F721 /* ComOpp.swift in Sources */ = {isa = PBXBuildFile; fileRef = 833D72AD227AC7AD0056F721 /* ComOpp.swift */; };
		8348295F226C1C26006EF6EE /* orange tarkir.png in Resources */ = {isa = PBXBuildFile; fileRef = 8348295E226C1C26006EF6EE /* orange tarkir.png */; };
		83F2EBC922697D720045B229 /* c4board.png in Resources */ = {isa = PBXBuildFile; fileRef = 83F2EBC822697D720045B229 /* c4board.png */; };
		83F2EBCB22699B830045B229 /* playagain.png in Resources */ = {isa = PBXBuildFile; fileRef = 83F2EBCA22699B820045B229 /* playagain.png */; };
		83FCEA3F227059AB0097D1DB /* Selesnya.png in Resources */ = {isa = PBXBuildFile; fileRef = 83FCEA3E227059AB0097D1DB /* Selesnya.png */; };
/* End PBXBuildFile section */

/* Begin PBXFileReference section */
		8306F27B226FCE3D00F4E0C4 /* HomeViewController.swift */ = {isa = PBXFileReference; lastKnownFileType = sourcecode.swift; path = HomeViewController.swift; sourceTree = "<group>"; };
		8306F27D226FDE0500F4E0C4 /* PopUpViewController.swift */ = {isa = PBXFileReference; lastKnownFileType = sourcecode.swift; path = PopUpViewController.swift; sourceTree = "<group>"; };
		8306F27F226FEEFC00F4E0C4 /* Logo.png */ = {isa = PBXFileReference; lastKnownFileType = image.png; path = Logo.png; sourceTree = "<group>"; };
		8306F2812270006300F4E0C4 /* simic.png */ = {isa = PBXFileReference; lastKnownFileType = image.png; name = simic.png; path = "../../../../../Desktop/App pictures/simic.png"; sourceTree = "<group>"; };
		8306F2832270006300F4E0C4 /* dot.png */ = {isa = PBXFileReference; lastKnownFileType = image.png; name = dot.png; path = "../../../../../Desktop/App pictures/dot.png"; sourceTree = "<group>"; };
		8306F2842270006300F4E0C4 /* atarka.png */ = {isa = PBXFileReference; lastKnownFileType = image.png; name = atarka.png; path = "../../../../../Desktop/App pictures/atarka.png"; sourceTree = "<group>"; };
		8306F28B22703DBE00F4E0C4 /* Izzet logo.png */ = {isa = PBXFileReference; lastKnownFileType = image.png; name = "Izzet logo.png"; path = "../../../../../Desktop/App pictures/Izzet logo.png"; sourceTree = "<group>"; };
		8306F28D22703E1800F4E0C4 /* izzet.png */ = {isa = PBXFileReference; lastKnownFileType = image.png; path = izzet.png; sourceTree = "<group>"; };
		8306F28F22704C0900F4E0C4 /* khans.png */ = {isa = PBXFileReference; lastKnownFileType = image.png; path = khans.png; sourceTree = "<group>"; };
		8332E8EC2268FCB100EA8235 /* Connect Four.app */ = {isa = PBXFileReference; explicitFileType = wrapper.application; includeInIndex = 0; path = "Connect Four.app"; sourceTree = BUILT_PRODUCTS_DIR; };
		8332E8EF2268FCB100EA8235 /* AppDelegate.swift */ = {isa = PBXFileReference; lastKnownFileType = sourcecode.swift; path = AppDelegate.swift; sourceTree = "<group>"; };
		8332E8F12268FCB100EA8235 /* ViewController.swift */ = {isa = PBXFileReference; lastKnownFileType = sourcecode.swift; path = ViewController.swift; sourceTree = "<group>"; };
		8332E8F42268FCB100EA8235 /* Base */ = {isa = PBXFileReference; lastKnownFileType = file.storyboard; name = Base; path = Base.lproj/Main.storyboard; sourceTree = "<group>"; };
		8332E8F72268FCB200EA8235 /* Connect_Four.xcdatamodel */ = {isa = PBXFileReference; lastKnownFileType = wrapper.xcdatamodel; path = Connect_Four.xcdatamodel; sourceTree = "<group>"; };
		8332E8F92268FCB200EA8235 /* Assets.xcassets */ = {isa = PBXFileReference; lastKnownFileType = folder.assetcatalog; path = Assets.xcassets; sourceTree = "<group>"; };
		8332E8FC2268FCB200EA8235 /* Base */ = {isa = PBXFileReference; lastKnownFileType = file.storyboard; name = Base; path = Base.lproj/LaunchScreen.storyboard; sourceTree = "<group>"; };
		8332E8FE2268FCB200EA8235 /* Info.plist */ = {isa = PBXFileReference; lastKnownFileType = text.plist.xml; path = Info.plist; sourceTree = "<group>"; };
		8332E9042268FEEB00EA8235 /* red circle.png */ = {isa = PBXFileReference; lastKnownFileType = image.png; path = "red circle.png"; sourceTree = "<group>"; };
		8332E9062268FEEC00EA8235 /* green circle.png */ = {isa = PBXFileReference; lastKnownFileType = image.png; path = "green circle.png"; sourceTree = "<group>"; };
		8332E9072268FEEC00EA8235 /* blue circle.png */ = {isa = PBXFileReference; lastKnownFileType = image.png; path = "blue circle.png"; sourceTree = "<group>"; };
		8332E9082268FEEC00EA8235 /* orange circle.png */ = {isa = PBXFileReference; lastKnownFileType = image.png; path = "orange circle.png"; sourceTree = "<group>"; };
		833D72AD227AC7AD0056F721 /* ComOpp.swift */ = {isa = PBXFileReference; lastKnownFileType = sourcecode.swift; path = ComOpp.swift; sourceTree = "<group>"; };
		8348295E226C1C26006EF6EE /* orange tarkir.png */ = {isa = PBXFileReference; lastKnownFileType = image.png; path = "orange tarkir.png"; sourceTree = "<group>"; };
		83F2EBC822697D720045B229 /* c4board.png */ = {isa = PBXFileReference; lastKnownFileType = image.png; path = c4board.png; sourceTree = "<group>"; };
		83F2EBCA22699B820045B229 /* playagain.png */ = {isa = PBXFileReference; lastKnownFileType = image.png; path = playagain.png; sourceTree = "<group>"; };
		83FCEA3E227059AB0097D1DB /* Selesnya.png */ = {isa = PBXFileReference; lastKnownFileType = image.png; path = Selesnya.png; sourceTree = "<group>"; };
/* End PBXFileReference section */

/* Begin PBXFrameworksBuildPhase section */
		8332E8E92268FCB100EA8235 /* Frameworks */ = {
			isa = PBXFrameworksBuildPhase;
			buildActionMask = 2147483647;
			files = (
			);
			runOnlyForDeploymentPostprocessing = 0;
		};
/* End PBXFrameworksBuildPhase section */

/* Begin PBXGroup section */
		8332E8E32268FCB100EA8235 = {
			isa = PBXGroup;
			children = (
				8332E8EE2268FCB100EA8235 /* Connect Four */,
				8332E8ED2268FCB100EA8235 /* Products */,
			);
			sourceTree = "<group>";
		};
		8332E8ED2268FCB100EA8235 /* Products */ = {
			isa = PBXGroup;
			children = (
				8332E8EC2268FCB100EA8235 /* Connect Four.app */,
			);
			name = Products;
			sourceTree = "<group>";
		};
		8332E8EE2268FCB100EA8235 /* Connect Four */ = {
			isa = PBXGroup;
			children = (
				8332E8EF2268FCB100EA8235 /* AppDelegate.swift */,
				8332E8F12268FCB100EA8235 /* ViewController.swift */,
				8332E8F32268FCB100EA8235 /* Main.storyboard */,
				8306F27D226FDE0500F4E0C4 /* PopUpViewController.swift */,
				8306F27B226FCE3D00F4E0C4 /* HomeViewController.swift */,
				833D72AD227AC7AD0056F721 /* ComOpp.swift */,
				8332E8F92268FCB200EA8235 /* Assets.xcassets */,
				8332E8FB2268FCB200EA8235 /* LaunchScreen.storyboard */,
				8332E8FE2268FCB200EA8235 /* Info.plist */,
				8332E8F62268FCB200EA8235 /* Connect_Four.xcdatamodeld */,
				8332E9072268FEEC00EA8235 /* blue circle.png */,
				8332E9062268FEEC00EA8235 /* green circle.png */,
				8332E9082268FEEC00EA8235 /* orange circle.png */,
				8332E9042268FEEB00EA8235 /* red circle.png */,
				83F2EBC822697D720045B229 /* c4board.png */,
				83F2EBCA22699B820045B229 /* playagain.png */,
				8306F2842270006300F4E0C4 /* atarka.png */,
				8306F28B22703DBE00F4E0C4 /* Izzet logo.png */,
				8306F28D22703E1800F4E0C4 /* izzet.png */,
				8306F2832270006300F4E0C4 /* dot.png */,
				8306F2812270006300F4E0C4 /* simic.png */,
				8348295E226C1C26006EF6EE /* orange tarkir.png */,
				8306F28F22704C0900F4E0C4 /* khans.png */,
				8306F27F226FEEFC00F4E0C4 /* Logo.png */,
				83FCEA3E227059AB0097D1DB /* Selesnya.png */,
			);
			path = "Connect Four";
			sourceTree = "<group>";
		};
/* End PBXGroup section */

/* Begin PBXNativeTarget section */
		8332E8EB2268FCB100EA8235 /* Connect Four */ = {
			isa = PBXNativeTarget;
			buildConfigurationList = 8332E9012268FCB200EA8235 /* Build configuration list for PBXNativeTarget "Connect Four" */;
			buildPhases = (
				8332E8E82268FCB100EA8235 /* Sources */,
				8332E8E92268FCB100EA8235 /* Frameworks */,
				8332E8EA2268FCB100EA8235 /* Resources */,
			);
			buildRules = (
			);
			dependencies = (
			);
			name = "Connect Four";
			productName = "Connect Four";
			productReference = 8332E8EC2268FCB100EA8235 /* Connect Four.app */;
			productType = "com.apple.product-type.application";
		};
/* End PBXNativeTarget section */

/* Begin PBXProject section */
		8332E8E42268FCB100EA8235 /* Project object */ = {
			isa = PBXProject;
			attributes = {
				LastSwiftUpdateCheck = 1020;
				LastUpgradeCheck = 1020;
				ORGANIZATIONNAME = ChrisV;
				TargetAttributes = {
					8332E8EB2268FCB100EA8235 = {
						CreatedOnToolsVersion = 10.2;
					};
				};
			};
			buildConfigurationList = 8332E8E72268FCB100EA8235 /* Build configuration list for PBXProject "Connect Four" */;
			compatibilityVersion = "Xcode 9.3";
			developmentRegion = en;
			hasScannedForEncodings = 0;
			knownRegions = (
				en,
				Base,
			);
			mainGroup = 8332E8E32268FCB100EA8235;
			productRefGroup = 8332E8ED2268FCB100EA8235 /* Products */;
			projectDirPath = "";
			projectRoot = "";
			targets = (
				8332E8EB2268FCB100EA8235 /* Connect Four */,
			);
		};
/* End PBXProject section */

/* Begin PBXResourcesBuildPhase section */
		8332E8EA2268FCB100EA8235 /* Resources */ = {
			isa = PBXResourcesBuildPhase;
			buildActionMask = 2147483647;
			files = (
				8306F29022704C0A00F4E0C4 /* khans.png in Resources */,
				8332E90C2268FEEC00EA8235 /* blue circle.png in Resources */,
				8306F2872270006300F4E0C4 /* dot.png in Resources */,
				8306F28E22703E1800F4E0C4 /* izzet.png in Resources */,
				8306F2852270006300F4E0C4 /* simic.png in Resources */,
				8332E90B2268FEEC00EA8235 /* green circle.png in Resources */,
				8332E90D2268FEEC00EA8235 /* orange circle.png in Resources */,
				8348295F226C1C26006EF6EE /* orange tarkir.png in Resources */,
				8332E8FD2268FCB200EA8235 /* LaunchScreen.storyboard in Resources */,
				8332E8FA2268FCB200EA8235 /* Assets.xcassets in Resources */,
				8306F2882270006300F4E0C4 /* atarka.png in Resources */,
				8306F28C22703DBE00F4E0C4 /* Izzet logo.png in Resources */,
				83F2EBC922697D720045B229 /* c4board.png in Resources */,
				8332E9092268FEEC00EA8235 /* red circle.png in Resources */,
				8306F280226FEEFC00F4E0C4 /* Logo.png in Resources */,
				8332E8F52268FCB100EA8235 /* Main.storyboard in Resources */,
				83F2EBCB22699B830045B229 /* playagain.png in Resources */,
				83FCEA3F227059AB0097D1DB /* Selesnya.png in Resources */,
			);
			runOnlyForDeploymentPostprocessing = 0;
		};
/* End PBXResourcesBuildPhase section */

/* Begin PBXSourcesBuildPhase section */
		8332E8E82268FCB100EA8235 /* Sources */ = {
			isa = PBXSourcesBuildPhase;
			buildActionMask = 2147483647;
			files = (
				8306F27E226FDE0500F4E0C4 /* PopUpViewController.swift in Sources */,
				833D72AE227AC7AD0056F721 /* ComOpp.swift in Sources */,
				8332E8F82268FCB200EA8235 /* Connect_Four.xcdatamodeld in Sources */,
				8332E8F22268FCB100EA8235 /* ViewController.swift in Sources */,
				8332E8F02268FCB100EA8235 /* AppDelegate.swift in Sources */,
				8306F27C226FCE3D00F4E0C4 /* HomeViewController.swift in Sources */,
			);
			runOnlyForDeploymentPostprocessing = 0;
		};
/* End PBXSourcesBuildPhase section */

/* Begin PBXVariantGroup section */
		8332E8F32268FCB100EA8235 /* Main.storyboard */ = {
			isa = PBXVariantGroup;
			children = (
				8332E8F42268FCB100EA8235 /* Base */,
			);
			name = Main.storyboard;
			sourceTree = "<group>";
		};
		8332E8FB2268FCB200EA8235 /* LaunchScreen.storyboard */ = {
			isa = PBXVariantGroup;
			children = (
				8332E8FC2268FCB200EA8235 /* Base */,
			);
			name = LaunchScreen.storyboard;
			sourceTree = "<group>";
		};
/* End PBXVariantGroup section */

/* Begin XCBuildConfiguration section */
		8332E8FF2268FCB200EA8235 /* Debug */ = {
			isa = XCBuildConfiguration;
			buildSettings = {
				ALWAYS_SEARCH_USER_PATHS = NO;
				CLANG_ANALYZER_NONNULL = YES;
				CLANG_ANALYZER_NUMBER_OBJECT_CONVERSION = YES_AGGRESSIVE;
				CLANG_CXX_LANGUAGE_STANDARD = "gnu++14";
				CLANG_CXX_LIBRARY = "libc++";
				CLANG_ENABLE_MODULES = YES;
				CLANG_ENABLE_OBJC_ARC = YES;
				CLANG_ENABLE_OBJC_WEAK = YES;
				CLANG_WARN_BLOCK_CAPTURE_AUTORELEASING = YES;
				CLANG_WARN_BOOL_CONVERSION = YES;
				CLANG_WARN_COMMA = YES;
				CLANG_WARN_CONSTANT_CONVERSION = YES;
				CLANG_WARN_DEPRECATED_OBJC_IMPLEMENTATIONS = YES;
				CLANG_WARN_DIRECT_OBJC_ISA_USAGE = YES_ERROR;
				CLANG_WARN_DOCUMENTATION_COMMENTS = YES;
				CLANG_WARN_EMPTY_BODY = YES;
				CLANG_WARN_ENUM_CONVERSION = YES;
				CLANG_WARN_INFINITE_RECURSION = YES;
				CLANG_WARN_INT_CONVERSION = YES;
				CLANG_WARN_NON_LITERAL_NULL_CONVERSION = YES;
				CLANG_WARN_OBJC_IMPLICIT_RETAIN_SELF = YES;
				CLANG_WARN_OBJC_LITERAL_CONVERSION = YES;
				CLANG_WARN_OBJC_ROOT_CLASS = YES_ERROR;
				CLANG_WARN_RANGE_LOOP_ANALYSIS = YES;
				CLANG_WARN_STRICT_PROTOTYPES = YES;
				CLANG_WARN_SUSPICIOUS_MOVE = YES;
				CLANG_WARN_UNGUARDED_AVAILABILITY = YES_AGGRESSIVE;
				CLANG_WARN_UNREACHABLE_CODE = YES;
				CLANG_WARN__DUPLICATE_METHOD_MATCH = YES;
				CODE_SIGN_IDENTITY = "iPhone Developer";
				COPY_PHASE_STRIP = NO;
				DEBUG_INFORMATION_FORMAT = dwarf;
				ENABLE_STRICT_OBJC_MSGSEND = YES;
				ENABLE_TESTABILITY = YES;
				GCC_C_LANGUAGE_STANDARD = gnu11;
				GCC_DYNAMIC_NO_PIC = NO;
				GCC_NO_COMMON_BLOCKS = YES;
				GCC_OPTIMIZATION_LEVEL = 0;
				GCC_PREPROCESSOR_DEFINITIONS = (
					"DEBUG=1",
					"$(inherited)",
				);
				GCC_WARN_64_TO_32_BIT_CONVERSION = YES;
				GCC_WARN_ABOUT_RETURN_TYPE = YES_ERROR;
				GCC_WARN_UNDECLARED_SELECTOR = YES;
				GCC_WARN_UNINITIALIZED_AUTOS = YES_AGGRESSIVE;
				GCC_WARN_UNUSED_FUNCTION = YES;
				GCC_WARN_UNUSED_VARIABLE = YES;
				IPHONEOS_DEPLOYMENT_TARGET = 12.2;
				MTL_ENABLE_DEBUG_INFO = INCLUDE_SOURCE;
				MTL_FAST_MATH = YES;
				ONLY_ACTIVE_ARCH = YES;
				SDKROOT = iphoneos;
				SWIFT_ACTIVE_COMPILATION_CONDITIONS = DEBUG;
				SWIFT_OPTIMIZATION_LEVEL = "-Onone";
			};
			name = Debug;
		};
		8332E9002268FCB200EA8235 /* Release */ = {
			isa = XCBuildConfiguration;
			buildSettings = {
				ALWAYS_SEARCH_USER_PATHS = NO;
				CLANG_ANALYZER_NONNULL = YES;
				CLANG_ANALYZER_NUMBER_OBJECT_CONVERSION = YES_AGGRESSIVE;
				CLANG_CXX_LANGUAGE_STANDARD = "gnu++14";
				CLANG_CXX_LIBRARY = "libc++";
				CLANG_ENABLE_MODULES = YES;
				CLANG_ENABLE_OBJC_ARC = YES;
				CLANG_ENABLE_OBJC_WEAK = YES;
				CLANG_WARN_BLOCK_CAPTURE_AUTORELEASING = YES;
				CLANG_WARN_BOOL_CONVERSION = YES;
				CLANG_WARN_COMMA = YES;
				CLANG_WARN_CONSTANT_CONVERSION = YES;
				CLANG_WARN_DEPRECATED_OBJC_IMPLEMENTATIONS = YES;
				CLANG_WARN_DIRECT_OBJC_ISA_USAGE = YES_ERROR;
				CLANG_WARN_DOCUMENTATION_COMMENTS = YES;
				CLANG_WARN_EMPTY_BODY = YES;
				CLANG_WARN_ENUM_CONVERSION = YES;
				CLANG_WARN_INFINITE_RECURSION = YES;
				CLANG_WARN_INT_CONVERSION = YES;
				CLANG_WARN_NON_LITERAL_NULL_CONVERSION = YES;
				CLANG_WARN_OBJC_IMPLICIT_RETAIN_SELF = YES;
				CLANG_WARN_OBJC_LITERAL_CONVERSION = YES;
				CLANG_WARN_OBJC_ROOT_CLASS = YES_ERROR;
				CLANG_WARN_RANGE_LOOP_ANALYSIS = YES;
				CLANG_WARN_STRICT_PROTOTYPES = YES;
				CLANG_WARN_SUSPICIOUS_MOVE = YES;
				CLANG_WARN_UNGUARDED_AVAILABILITY = YES_AGGRESSIVE;
				CLANG_WARN_UNREACHABLE_CODE = YES;
				CLANG_WARN__DUPLICATE_METHOD_MATCH = YES;
				CODE_SIGN_IDENTITY = "iPhone Developer";
				COPY_PHASE_STRIP = NO;
				DEBUG_INFORMATION_FORMAT = "dwarf-with-dsym";
				ENABLE_NS_ASSERTIONS = NO;
				ENABLE_STRICT_OBJC_MSGSEND = YES;
				GCC_C_LANGUAGE_STANDARD = gnu11;
				GCC_NO_COMMON_BLOCKS = YES;
				GCC_WARN_64_TO_32_BIT_CONVERSION = YES;
				GCC_WARN_ABOUT_RETURN_TYPE = YES_ERROR;
				GCC_WARN_UNDECLARED_SELECTOR = YES;
				GCC_WARN_UNINITIALIZED_AUTOS = YES_AGGRESSIVE;
				GCC_WARN_UNUSED_FUNCTION = YES;
				GCC_WARN_UNUSED_VARIABLE = YES;
				IPHONEOS_DEPLOYMENT_TARGET = 12.2;
				MTL_ENABLE_DEBUG_INFO = NO;
				MTL_FAST_MATH = YES;
				SDKROOT = iphoneos;
				SWIFT_COMPILATION_MODE = wholemodule;
				SWIFT_OPTIMIZATION_LEVEL = "-O";
				VALIDATE_PRODUCT = YES;
			};
			name = Release;
		};
		8332E9022268FCB200EA8235 /* Debug */ = {
			isa = XCBuildConfiguration;
			buildSettings = {
				ASSETCATALOG_COMPILER_APPICON_NAME = AppIcon;
				CODE_SIGN_STYLE = Automatic;
				DEVELOPMENT_TEAM = CGVL6HUAK3;
				INFOPLIST_FILE = "Connect Four/Info.plist";
				LD_RUNPATH_SEARCH_PATHS = (
					"$(inherited)",
					"@executable_path/Frameworks",
				);
				PRODUCT_BUNDLE_IDENTIFIER = "ChrisV.Connect-Four";
				PRODUCT_NAME = "$(TARGET_NAME)";
				SWIFT_VERSION = 5.0;
				TARGETED_DEVICE_FAMILY = "1,2";
			};
			name = Debug;
		};
		8332E9032268FCB200EA8235 /* Release */ = {
			isa = XCBuildConfiguration;
			buildSettings = {
				ASSETCATALOG_COMPILER_APPICON_NAME = AppIcon;
				CODE_SIGN_STYLE = Automatic;
				DEVELOPMENT_TEAM = CGVL6HUAK3;
				INFOPLIST_FILE = "Connect Four/Info.plist";
				LD_RUNPATH_SEARCH_PATHS = (
					"$(inherited)",
					"@executable_path/Frameworks",
				);
				PRODUCT_BUNDLE_IDENTIFIER = "ChrisV.Connect-Four";
				PRODUCT_NAME = "$(TARGET_NAME)";
				SWIFT_VERSION = 5.0;
				TARGETED_DEVICE_FAMILY = "1,2";
			};
			name = Release;
		};
/* End XCBuildConfiguration section */

/* Begin XCConfigurationList section */
		8332E8E72268FCB100EA8235 /* Build configuration list for PBXProject "Connect Four" */ = {
			isa = XCConfigurationList;
			buildConfigurations = (
				8332E8FF2268FCB200EA8235 /* Debug */,
				8332E9002268FCB200EA8235 /* Release */,
			);
			defaultConfigurationIsVisible = 0;
			defaultConfigurationName = Release;
		};
		8332E9012268FCB200EA8235 /* Build configuration list for PBXNativeTarget "Connect Four" */ = {
			isa = XCConfigurationList;
			buildConfigurations = (
				8332E9022268FCB200EA8235 /* Debug */,
				8332E9032268FCB200EA8235 /* Release */,
			);
			defaultConfigurationIsVisible = 0;
			defaultConfigurationName = Release;
		};
/* End XCConfigurationList section */

/* Begin XCVersionGroup section */
		8332E8F62268FCB200EA8235 /* Connect_Four.xcdatamodeld */ = {
			isa = XCVersionGroup;
			children = (
				8332E8F72268FCB200EA8235 /* Connect_Four.xcdatamodel */,
			);
			currentVersion = 8332E8F72268FCB200EA8235 /* Connect_Four.xcdatamodel */;
			path = Connect_Four.xcdatamodeld;
			sourceTree = "<group>";
			versionGroupType = wrapper.xcdatamodel;
		};
/* End XCVersionGroup section */
	};
	rootObject = 8332E8E42268FCB100EA8235 /* Project object */;
}
